
Microsoft Visual Studio Solution File, Format Version 12.00
# Visual Studio 15
VisualStudioVersion = 15.0.27130.2027
MinimumVisualStudioVersion = 10.0.40219.1
Project("{FAE04EC0-301F-11D3-BF4B-00C04F79EFBC}") = "Maket_2018", "Maket_2018\Maket_2018.csproj", "{56C2B90C-1124-49D7-BC5A-59523A3A8798}"
EndProject
Global
	GlobalSection(SolutionConfigurationPlatforms) = preSolution
		Debug|Any CPU = Debug|Any CPU
		Release|Any CPU = Release|Any CPU
	EndGlobalSection
	GlobalSection(ProjectConfigurationPlatforms) = postSolution
		{56C2B90C-1124-49D7-BC5A-59523A3A8798}.Debug|Any CPU.ActiveCfg = Debug|Any CPU
		{56C2B90C-1124-49D7-BC5A-59523A3A8798}.Debug|Any CPU.Build.0 = Debug|Any CPU
		{56C2B90C-1124-49D7-BC5A-59523A3A8798}.Release|Any CPU.ActiveCfg = Release|Any CPU
		{56C2B90C-1124-49D7-BC5A-59523A3A8798}.Release|Any CPU.Build.0 = Release|Any CPU
	EndGlobalSection
	GlobalSection(SolutionProperties) = preSolution
		HideSolutionNode = FALSE
	EndGlobalSection
	GlobalSection(ExtensibilityGlobals) = postSolution
		SolutionGuid = {6C3FAFFF-D430-4C5B-A242-2655C6693726}
	EndGlobalSection
EndGlobal
